// !$*UTF8*$!
{
	archiveVersion = 1;
	classes = {
	};
	objectVersion = 55;
	objects = {

/* Begin PBXBuildFile section */
		B564ACDF274F6DD200D41471 /* PopUpListView.swift in Sources */ = {isa = PBXBuildFile; fileRef = B564ACDE274F6DD200D41471 /* PopUpListView.swift */; };
		B56DFD5F2746433A0036520D /* formatedData.json in Resources */ = {isa = PBXBuildFile; fileRef = B56DFD5E2746433A0036520D /* formatedData.json */; };
		B56E263F274CB4BB00E4BCFB /* CountryTVCell.swift in Sources */ = {isa = PBXBuildFile; fileRef = B56E263E274CB4BB00E4BCFB /* CountryTVCell.swift */; };
		B56E2641274CC7BB00E4BCFB /* CustomAlert.swift in Sources */ = {isa = PBXBuildFile; fileRef = B56E2640274CC7BB00E4BCFB /* CustomAlert.swift */; };
		B56E38072745149D0060570C /* AppDelegate.swift in Sources */ = {isa = PBXBuildFile; fileRef = B56E38062745149D0060570C /* AppDelegate.swift */; };
		B56E38092745149D0060570C /* SceneDelegate.swift in Sources */ = {isa = PBXBuildFile; fileRef = B56E38082745149D0060570C /* SceneDelegate.swift */; };
		B56E380B2745149D0060570C /* ViewController.swift in Sources */ = {isa = PBXBuildFile; fileRef = B56E380A2745149D0060570C /* ViewController.swift */; };
		B56E380E2745149D0060570C /* Main.storyboard in Resources */ = {isa = PBXBuildFile; fileRef = B56E380C2745149D0060570C /* Main.storyboard */; };
		B56E3810274514A30060570C /* Assets.xcassets in Resources */ = {isa = PBXBuildFile; fileRef = B56E380F274514A30060570C /* Assets.xcassets */; };
		B56E3813274514A30060570C /* LaunchScreen.storyboard in Resources */ = {isa = PBXBuildFile; fileRef = B56E3811274514A30060570C /* LaunchScreen.storyboard */; };
		B56E80AD274E197500AFCD03 /* CountryDataModel.swift in Sources */ = {isa = PBXBuildFile; fileRef = B56E80AC274E197500AFCD03 /* CountryDataModel.swift */; };
		B56E80B1274E1C2500AFCD03 /* CountryVM.swift in Sources */ = {isa = PBXBuildFile; fileRef = B56E80B0274E1C2500AFCD03 /* CountryVM.swift */; };
		B56E80B3274E1C8C00AFCD03 /* CountryVC.swift in Sources */ = {isa = PBXBuildFile; fileRef = B56E80B2274E1C8C00AFCD03 /* CountryVC.swift */; };
		B56E80B5274E5A0200AFCD03 /* LoginVM.swift in Sources */ = {isa = PBXBuildFile; fileRef = B56E80B4274E5A0200AFCD03 /* LoginVM.swift */; };
		B56E80B7274E5A2900AFCD03 /* LoginVC.swift in Sources */ = {isa = PBXBuildFile; fileRef = B56E80B6274E5A2900AFCD03 /* LoginVC.swift */; };
		B56E80BA274E609A00AFCD03 /* CustomMoveScreen.swift in Sources */ = {isa = PBXBuildFile; fileRef = B56E80B9274E609A00AFCD03 /* CustomMoveScreen.swift */; };
		B56E80BC274E746400AFCD03 /* LoginModel.swift in Sources */ = {isa = PBXBuildFile; fileRef = B56E80BB274E746400AFCD03 /* LoginModel.swift */; };
		B57B62F727520FAB0084CACB /* UrlImageLoadClass.swift in Sources */ = {isa = PBXBuildFile; fileRef = B57B62F627520FAB0084CACB /* UrlImageLoadClass.swift */; };
/* End PBXBuildFile section */

/* Begin PBXFileReference section */
		B564ACDE274F6DD200D41471 /* PopUpListView.swift */ = {isa = PBXFileReference; lastKnownFileType = sourcecode.swift; path = PopUpListView.swift; sourceTree = "<group>"; };
		B56DFD5E2746433A0036520D /* formatedData.json */ = {isa = PBXFileReference; fileEncoding = 4; lastKnownFileType = text.json; path = formatedData.json; sourceTree = "<group>"; };
		B56E263E274CB4BB00E4BCFB /* CountryTVCell.swift */ = {isa = PBXFileReference; lastKnownFileType = sourcecode.swift; path = CountryTVCell.swift; sourceTree = "<group>"; };
		B56E2640274CC7BB00E4BCFB /* CustomAlert.swift */ = {isa = PBXFileReference; lastKnownFileType = sourcecode.swift; path = CustomAlert.swift; sourceTree = "<group>"; };
		B56E38032745149D0060570C /* LoginScreenAuth.app */ = {isa = PBXFileReference; explicitFileType = wrapper.application; includeInIndex = 0; path = LoginScreenAuth.app; sourceTree = BUILT_PRODUCTS_DIR; };
		B56E38062745149D0060570C /* AppDelegate.swift */ = {isa = PBXFileReference; lastKnownFileType = sourcecode.swift; path = AppDelegate.swift; sourceTree = "<group>"; };
		B56E38082745149D0060570C /* SceneDelegate.swift */ = {isa = PBXFileReference; lastKnownFileType = sourcecode.swift; path = SceneDelegate.swift; sourceTree = "<group>"; };
		B56E380A2745149D0060570C /* ViewController.swift */ = {isa = PBXFileReference; lastKnownFileType = sourcecode.swift; path = ViewController.swift; sourceTree = "<group>"; };
		B56E380D2745149D0060570C /* Base */ = {isa = PBXFileReference; lastKnownFileType = file.storyboard; name = Base; path = Base.lproj/Main.storyboard; sourceTree = "<group>"; };
		B56E380F274514A30060570C /* Assets.xcassets */ = {isa = PBXFileReference; lastKnownFileType = folder.assetcatalog; path = Assets.xcassets; sourceTree = "<group>"; };
		B56E3812274514A30060570C /* Base */ = {isa = PBXFileReference; lastKnownFileType = file.storyboard; name = Base; path = Base.lproj/LaunchScreen.storyboard; sourceTree = "<group>"; };
		B56E3814274514A30060570C /* Info.plist */ = {isa = PBXFileReference; lastKnownFileType = text.plist.xml; path = Info.plist; sourceTree = "<group>"; };
		B56E80AC274E197500AFCD03 /* CountryDataModel.swift */ = {isa = PBXFileReference; lastKnownFileType = sourcecode.swift; path = CountryDataModel.swift; sourceTree = "<group>"; };
		B56E80B0274E1C2500AFCD03 /* CountryVM.swift */ = {isa = PBXFileReference; lastKnownFileType = sourcecode.swift; path = CountryVM.swift; sourceTree = "<group>"; };
		B56E80B2274E1C8C00AFCD03 /* CountryVC.swift */ = {isa = PBXFileReference; lastKnownFileType = sourcecode.swift; path = CountryVC.swift; sourceTree = "<group>"; };
		B56E80B4274E5A0200AFCD03 /* LoginVM.swift */ = {isa = PBXFileReference; lastKnownFileType = sourcecode.swift; path = LoginVM.swift; sourceTree = "<group>"; };
		B56E80B6274E5A2900AFCD03 /* LoginVC.swift */ = {isa = PBXFileReference; lastKnownFileType = sourcecode.swift; path = LoginVC.swift; sourceTree = "<group>"; };
		B56E80B9274E609A00AFCD03 /* CustomMoveScreen.swift */ = {isa = PBXFileReference; lastKnownFileType = sourcecode.swift; path = CustomMoveScreen.swift; sourceTree = "<group>"; };
		B56E80BB274E746400AFCD03 /* LoginModel.swift */ = {isa = PBXFileReference; lastKnownFileType = sourcecode.swift; path = LoginModel.swift; sourceTree = "<group>"; };
		B57B62F627520FAB0084CACB /* UrlImageLoadClass.swift */ = {isa = PBXFileReference; lastKnownFileType = sourcecode.swift; path = UrlImageLoadClass.swift; sourceTree = "<group>"; };
/* End PBXFileReference section */

/* Begin PBXFrameworksBuildPhase section */
		B56E38002745149D0060570C /* Frameworks */ = {
			isa = PBXFrameworksBuildPhase;
			buildActionMask = 2147483647;
			files = (
			);
			runOnlyForDeploymentPostprocessing = 0;
		};
/* End PBXFrameworksBuildPhase section */

/* Begin PBXGroup section */
		B564ACDD274F69EE00D41471 /* Extensions */ = {
			isa = PBXGroup;
			children = (
				B56E80B9274E609A00AFCD03 /* CustomMoveScreen.swift */,
				B56E2640274CC7BB00E4BCFB /* CustomAlert.swift */,
			);
			path = Extensions;
			sourceTree = "<group>";
		};
		B56E37FA2745149D0060570C = {
			isa = PBXGroup;
			children = (
				B56E38052745149D0060570C /* LoginScreenAuth */,
				B56E38042745149D0060570C /* Products */,
			);
			sourceTree = "<group>";
		};
		B56E38042745149D0060570C /* Products */ = {
			isa = PBXGroup;
			children = (
				B56E38032745149D0060570C /* LoginScreenAuth.app */,
			);
			name = Products;
			sourceTree = "<group>";
		};
		B56E38052745149D0060570C /* LoginScreenAuth */ = {
			isa = PBXGroup;
			children = (
				B56E38062745149D0060570C /* AppDelegate.swift */,
				B56E38082745149D0060570C /* SceneDelegate.swift */,
				B56E380A2745149D0060570C /* ViewController.swift */,
				B56E80A2274E106500AFCD03 /* Screen */,
				B564ACDD274F69EE00D41471 /* Extensions */,
				B56E380C2745149D0060570C /* Main.storyboard */,
				B56DFD5E2746433A0036520D /* formatedData.json */,
				B56E380F274514A30060570C /* Assets.xcassets */,
				B56E3811274514A30060570C /* LaunchScreen.storyboard */,
				B56E3814274514A30060570C /* Info.plist */,
			);
			path = LoginScreenAuth;
			sourceTree = "<group>";
		};
		B56E80A2274E106500AFCD03 /* Screen */ = {
			isa = PBXGroup;
			children = (
				B56E80AB274E190400AFCD03 /* CountryTable */,
				B56E80AA274E186400AFCD03 /* Login */,
			);
			path = Screen;
			sourceTree = "<group>";
		};
		B56E80AA274E186400AFCD03 /* Login */ = {
			isa = PBXGroup;
			children = (
				B56E80B4274E5A0200AFCD03 /* LoginVM.swift */,
				B56E80B6274E5A2900AFCD03 /* LoginVC.swift */,
				B56E80BB274E746400AFCD03 /* LoginModel.swift */,
			);
			path = Login;
			sourceTree = "<group>";
		};
		B56E80AB274E190400AFCD03 /* CountryTable */ = {
			isa = PBXGroup;
			children = (
				B57B62F627520FAB0084CACB /* UrlImageLoadClass.swift */,
				B56E80AC274E197500AFCD03 /* CountryDataModel.swift */,
				B56E263E274CB4BB00E4BCFB /* CountryTVCell.swift */,
				B56E80B0274E1C2500AFCD03 /* CountryVM.swift */,
				B56E80B2274E1C8C00AFCD03 /* CountryVC.swift */,
				B564ACDE274F6DD200D41471 /* PopUpListView.swift */,
			);
			path = CountryTable;
			sourceTree = "<group>";
		};
/* End PBXGroup section */

/* Begin PBXNativeTarget section */
		B56E38022745149D0060570C /* LoginScreenAuth */ = {
			isa = PBXNativeTarget;
			buildConfigurationList = B56E3817274514A30060570C /* Build configuration list for PBXNativeTarget "LoginScreenAuth" */;
			buildPhases = (
				B56E37FF2745149D0060570C /* Sources */,
				B56E38002745149D0060570C /* Frameworks */,
				B56E38012745149D0060570C /* Resources */,
			);
			buildRules = (
			);
			dependencies = (
			);
			name = LoginScreenAuth;
			productName = LoginScreenAuth;
			productReference = B56E38032745149D0060570C /* LoginScreenAuth.app */;
			productType = "com.apple.product-type.application";
		};
/* End PBXNativeTarget section */

/* Begin PBXProject section */
		B56E37FB2745149D0060570C /* Project object */ = {
			isa = PBXProject;
			attributes = {
				BuildIndependentTargetsInParallel = 1;
				LastSwiftUpdateCheck = 1300;
				LastUpgradeCheck = 1300;
				TargetAttributes = {
					B56E38022745149D0060570C = {
						CreatedOnToolsVersion = 13.0;
					};
				};
			};
			buildConfigurationList = B56E37FE2745149D0060570C /* Build configuration list for PBXProject "LoginScreenAuth" */;
			compatibilityVersion = "Xcode 13.0";
			developmentRegion = en;
			hasScannedForEncodings = 0;
			knownRegions = (
				en,
				Base,
			);
			mainGroup = B56E37FA2745149D0060570C;
			productRefGroup = B56E38042745149D0060570C /* Products */;
			projectDirPath = "";
			projectRoot = "";
			targets = (
				B56E38022745149D0060570C /* LoginScreenAuth */,
			);
		};
/* End PBXProject section */

/* Begin PBXResourcesBuildPhase section */
		B56E38012745149D0060570C /* Resources */ = {
			isa = PBXResourcesBuildPhase;
			buildActionMask = 2147483647;
			files = (
				B56E3813274514A30060570C /* LaunchScreen.storyboard in Resources */,
				B56DFD5F2746433A0036520D /* formatedData.json in Resources */,
				B56E3810274514A30060570C /* Assets.xcassets in Resources */,
				B56E380E2745149D0060570C /* Main.storyboard in Resources */,
			);
			runOnlyForDeploymentPostprocessing = 0;
		};
/* End PBXResourcesBuildPhase section */

/* Begin PBXSourcesBuildPhase section */
		B56E37FF2745149D0060570C /* Sources */ = {
			isa = PBXSourcesBuildPhase;
			buildActionMask = 2147483647;
			files = (
				B56E80B5274E5A0200AFCD03 /* LoginVM.swift in Sources */,
				B56E80BC274E746400AFCD03 /* LoginModel.swift in Sources */,
				B56E263F274CB4BB00E4BCFB /* CountryTVCell.swift in Sources */,
				B56E380B2745149D0060570C /* ViewController.swift in Sources */,
				B56E80BA274E609A00AFCD03 /* CustomMoveScreen.swift in Sources */,
				B56E80AD274E197500AFCD03 /* CountryDataModel.swift in Sources */,
				B56E80B1274E1C2500AFCD03 /* CountryVM.swift in Sources */,
				B56E38072745149D0060570C /* AppDelegate.swift in Sources */,
				B56E38092745149D0060570C /* SceneDelegate.swift in Sources */,
				B56E80B3274E1C8C00AFCD03 /* CountryVC.swift in Sources */,
				B56E2641274CC7BB00E4BCFB /* CustomAlert.swift in Sources */,
				B56E80B7274E5A2900AFCD03 /* LoginVC.swift in Sources */,
				B57B62F727520FAB0084CACB /* UrlImageLoadClass.swift in Sources */,
				B564ACDF274F6DD200D41471 /* PopUpListView.swift in Sources */,
			);
			runOnlyForDeploymentPostprocessing = 0;
		};
/* End PBXSourcesBuildPhase section */

/* Begin PBXVariantGroup section */
		B56E380C2745149D0060570C /* Main.storyboard */ = {
			isa = PBXVariantGroup;
			children = (
				B56E380D2745149D0060570C /* Base */,
			);
			name = Main.storyboard;
			sourceTree = "<group>";
		};
		B56E3811274514A30060570C /* LaunchScreen.storyboard */ = {
			isa = PBXVariantGroup;
			children = (
				B56E3812274514A30060570C /* Base */,
			);
			name = LaunchScreen.storyboard;
			sourceTree = "<group>";
		};
/* End PBXVariantGroup section */

/* Begin XCBuildConfiguration section */
		B56E3815274514A30060570C /* Debug */ = {
			isa = XCBuildConfiguration;
			buildSettings = {
				ALWAYS_SEARCH_USER_PATHS = NO;
				CLANG_ANALYZER_NONNULL = YES;
				CLANG_ANALYZER_NUMBER_OBJECT_CONVERSION = YES_AGGRESSIVE;
				CLANG_CXX_LANGUAGE_STANDARD = "gnu++17";
				CLANG_CXX_LIBRARY = "libc++";
				CLANG_ENABLE_MODULES = YES;
				CLANG_ENABLE_OBJC_ARC = YES;
				CLANG_ENABLE_OBJC_WEAK = YES;
				CLANG_WARN_BLOCK_CAPTURE_AUTORELEASING = YES;
				CLANG_WARN_BOOL_CONVERSION = YES;
				CLANG_WARN_COMMA = YES;
				CLANG_WARN_CONSTANT_CONVERSION = YES;
				CLANG_WARN_DEPRECATED_OBJC_IMPLEMENTATIONS = YES;
				CLANG_WARN_DIRECT_OBJC_ISA_USAGE = YES_ERROR;
				CLANG_WARN_DOCUMENTATION_COMMENTS = YES;
				CLANG_WARN_EMPTY_BODY = YES;
				CLANG_WARN_ENUM_CONVERSION = YES;
				CLANG_WARN_INFINITE_RECURSION = YES;
				CLANG_WARN_INT_CONVERSION = YES;
				CLANG_WARN_NON_LITERAL_NULL_CONVERSION = YES;
				CLANG_WARN_OBJC_IMPLICIT_RETAIN_SELF = YES;
				CLANG_WARN_OBJC_LITERAL_CONVERSION = YES;
				CLANG_WARN_OBJC_ROOT_CLASS = YES_ERROR;
				CLANG_WARN_QUOTED_INCLUDE_IN_FRAMEWORK_HEADER = YES;
				CLANG_WARN_RANGE_LOOP_ANALYSIS = YES;
				CLANG_WARN_STRICT_PROTOTYPES = YES;
				CLANG_WARN_SUSPICIOUS_MOVE = YES;
				CLANG_WARN_UNGUARDED_AVAILABILITY = YES_AGGRESSIVE;
				CLANG_WARN_UNREACHABLE_CODE = YES;
				CLANG_WARN__DUPLICATE_METHOD_MATCH = YES;
				COPY_PHASE_STRIP = NO;
				DEBUG_INFORMATION_FORMAT = dwarf;
				ENABLE_STRICT_OBJC_MSGSEND = YES;
				ENABLE_TESTABILITY = YES;
				GCC_C_LANGUAGE_STANDARD = gnu11;
				GCC_DYNAMIC_NO_PIC = NO;
				GCC_NO_COMMON_BLOCKS = YES;
				GCC_OPTIMIZATION_LEVEL = 0;
				GCC_PREPROCESSOR_DEFINITIONS = (
					"DEBUG=1",
					"$(inherited)",
				);
				GCC_WARN_64_TO_32_BIT_CONVERSION = YES;
				GCC_WARN_ABOUT_RETURN_TYPE = YES_ERROR;
				GCC_WARN_UNDECLARED_SELECTOR = YES;
				GCC_WARN_UNINITIALIZED_AUTOS = YES_AGGRESSIVE;
				GCC_WARN_UNUSED_FUNCTION = YES;
				GCC_WARN_UNUSED_VARIABLE = YES;
				IPHONEOS_DEPLOYMENT_TARGET = 15.0;
				MTL_ENABLE_DEBUG_INFO = INCLUDE_SOURCE;
				MTL_FAST_MATH = YES;
				ONLY_ACTIVE_ARCH = YES;
				SDKROOT = iphoneos;
				SWIFT_ACTIVE_COMPILATION_CONDITIONS = DEBUG;
				SWIFT_OPTIMIZATION_LEVEL = "-Onone";
			};
			name = Debug;
		};
		B56E3816274514A30060570C /* Release */ = {
			isa = XCBuildConfiguration;
			buildSettings = {
				ALWAYS_SEARCH_USER_PATHS = NO;
				CLANG_ANALYZER_NONNULL = YES;
				CLANG_ANALYZER_NUMBER_OBJECT_CONVERSION = YES_AGGRESSIVE;
				CLANG_CXX_LANGUAGE_STANDARD = "gnu++17";
				CLANG_CXX_LIBRARY = "libc++";
				CLANG_ENABLE_MODULES = YES;
				CLANG_ENABLE_OBJC_ARC = YES;
				CLANG_ENABLE_OBJC_WEAK = YES;
				CLANG_WARN_BLOCK_CAPTURE_AUTORELEASING = YES;
				CLANG_WARN_BOOL_CONVERSION = YES;
				CLANG_WARN_COMMA = YES;
				CLANG_WARN_CONSTANT_CONVERSION = YES;
				CLANG_WARN_DEPRECATED_OBJC_IMPLEMENTATIONS = YES;
				CLANG_WARN_DIRECT_OBJC_ISA_USAGE = YES_ERROR;
				CLANG_WARN_DOCUMENTATION_COMMENTS = YES;
				CLANG_WARN_EMPTY_BODY = YES;
				CLANG_WARN_ENUM_CONVERSION = YES;
				CLANG_WARN_INFINITE_RECURSION = YES;
				CLANG_WARN_INT_CONVERSION = YES;
				CLANG_WARN_NON_LITERAL_NULL_CONVERSION = YES;
				CLANG_WARN_OBJC_IMPLICIT_RETAIN_SELF = YES;
				CLANG_WARN_OBJC_LITERAL_CONVERSION = YES;
				CLANG_WARN_OBJC_ROOT_CLASS = YES_ERROR;
				CLANG_WARN_QUOTED_INCLUDE_IN_FRAMEWORK_HEADER = YES;
				CLANG_WARN_RANGE_LOOP_ANALYSIS = YES;
				CLANG_WARN_STRICT_PROTOTYPES = YES;
				CLANG_WARN_SUSPICIOUS_MOVE = YES;
				CLANG_WARN_UNGUARDED_AVAILABILITY = YES_AGGRESSIVE;
				CLANG_WARN_UNREACHABLE_CODE = YES;
				CLANG_WARN__DUPLICATE_METHOD_MATCH = YES;
				COPY_PHASE_STRIP = NO;
				DEBUG_INFORMATION_FORMAT = "dwarf-with-dsym";
				ENABLE_NS_ASSERTIONS = NO;
				ENABLE_STRICT_OBJC_MSGSEND = YES;
				GCC_C_LANGUAGE_STANDARD = gnu11;
				GCC_NO_COMMON_BLOCKS = YES;
				GCC_WARN_64_TO_32_BIT_CONVERSION = YES;
				GCC_WARN_ABOUT_RETURN_TYPE = YES_ERROR;
				GCC_WARN_UNDECLARED_SELECTOR = YES;
				GCC_WARN_UNINITIALIZED_AUTOS = YES_AGGRESSIVE;
				GCC_WARN_UNUSED_FUNCTION = YES;
				GCC_WARN_UNUSED_VARIABLE = YES;
				IPHONEOS_DEPLOYMENT_TARGET = 15.0;
				MTL_ENABLE_DEBUG_INFO = NO;
				MTL_FAST_MATH = YES;
				SDKROOT = iphoneos;
				SWIFT_COMPILATION_MODE = wholemodule;
				SWIFT_OPTIMIZATION_LEVEL = "-O";
				VALIDATE_PRODUCT = YES;
			};
			name = Release;
		};
		B56E3818274514A30060570C /* Debug */ = {
			isa = XCBuildConfiguration;
			buildSettings = {
				ASSETCATALOG_COMPILER_APPICON_NAME = AppIcon;
				ASSETCATALOG_COMPILER_GLOBAL_ACCENT_COLOR_NAME = AccentColor;
				CODE_SIGN_STYLE = Automatic;
				CURRENT_PROJECT_VERSION = 1;
				DEVELOPMENT_TEAM = 6Y8DJ79VZN;
				GENERATE_INFOPLIST_FILE = YES;
				INFOPLIST_FILE = LoginScreenAuth/Info.plist;
				INFOPLIST_KEY_UIApplicationSupportsIndirectInputEvents = YES;
				INFOPLIST_KEY_UILaunchStoryboardName = LaunchScreen;
				INFOPLIST_KEY_UIMainStoryboardFile = Main;
				INFOPLIST_KEY_UISupportedInterfaceOrientations_iPad = "UIInterfaceOrientationPortrait UIInterfaceOrientationPortraitUpsideDown UIInterfaceOrientationLandscapeLeft UIInterfaceOrientationLandscapeRight";
				INFOPLIST_KEY_UISupportedInterfaceOrientations_iPhone = "UIInterfaceOrientationPortrait UIInterfaceOrientationLandscapeLeft UIInterfaceOrientationLandscapeRight";
				LD_RUNPATH_SEARCH_PATHS = (
					"$(inherited)",
					"@executable_path/Frameworks",
				);
				MARKETING_VERSION = 1.0;
				PRODUCT_BUNDLE_IDENTIFIER = com.gaditek.LoginScreenAuth;
				PRODUCT_NAME = "$(TARGET_NAME)";
				SWIFT_EMIT_LOC_STRINGS = YES;
				SWIFT_VERSION = 5.0;
				TARGETED_DEVICE_FAMILY = "1,2";
			};
			name = Debug;
		};
		B56E3819274514A30060570C /* Release */ = {
			isa = XCBuildConfiguration;
			buildSettings = {
				ASSETCATALOG_COMPILER_APPICON_NAME = AppIcon;
				ASSETCATALOG_COMPILER_GLOBAL_ACCENT_COLOR_NAME = AccentColor;
				CODE_SIGN_IDENTITY = "Apple Development";
				CODE_SIGN_STYLE = Automatic;
				CURRENT_PROJECT_VERSION = 1;
				DEVELOPMENT_TEAM = 6Y8DJ79VZN;
				GENERATE_INFOPLIST_FILE = YES;
				INFOPLIST_FILE = LoginScreenAuth/Info.plist;
				INFOPLIST_KEY_UIApplicationSupportsIndirectInputEvents = YES;
				INFOPLIST_KEY_UILaunchStoryboardName = LaunchScreen;
				INFOPLIST_KEY_UIMainStoryboardFile = Main;
				INFOPLIST_KEY_UISupportedInterfaceOrientations_iPad = "UIInterfaceOrientationPortrait UIInterfaceOrientationPortraitUpsideDown UIInterfaceOrientationLandscapeLeft UIInterfaceOrientationLandscapeRight";
				INFOPLIST_KEY_UISupportedInterfaceOrientations_iPhone = "UIInterfaceOrientationPortrait UIInterfaceOrientationLandscapeLeft UIInterfaceOrientationLandscapeRight";
				LD_RUNPATH_SEARCH_PATHS = (
					"$(inherited)",
					"@executable_path/Frameworks",
				);
				MARKETING_VERSION = 1.0;
				PRODUCT_BUNDLE_IDENTIFIER = com.gaditek.LoginScreenAuth;
				PRODUCT_NAME = "$(TARGET_NAME)";
				PROVISIONING_PROFILE_SPECIFIER = "";
				SWIFT_EMIT_LOC_STRINGS = YES;
				SWIFT_VERSION = 5.0;
				TARGETED_DEVICE_FAMILY = "1,2";
			};
			name = Release;
		};
/* End XCBuildConfiguration section */

/* Begin XCConfigurationList section */
		B56E37FE2745149D0060570C /* Build configuration list for PBXProject "LoginScreenAuth" */ = {
			isa = XCConfigurationList;
			buildConfigurations = (
				B56E3815274514A30060570C /* Debug */,
				B56E3816274514A30060570C /* Release */,
			);
			defaultConfigurationIsVisible = 0;
			defaultConfigurationName = Release;
		};
		B56E3817274514A30060570C /* Build configuration list for PBXNativeTarget "LoginScreenAuth" */ = {
			isa = XCConfigurationList;
			buildConfigurations = (
				B56E3818274514A30060570C /* Debug */,
				B56E3819274514A30060570C /* Release */,
			);
			defaultConfigurationIsVisible = 0;
			defaultConfigurationName = Release;
		};
/* End XCConfigurationList section */
	};
	rootObject = B56E37FB2745149D0060570C /* Project object */;
}
